<?xml version="1.0" encoding="utf-8"?>
<Project ToolsVersion="4.0" xmlns="http://schemas.microsoft.com/developer/msbuild/2003">
  <ItemGroup>
    <ClCompile Include="PreCompile.cpp" />
    <ClCompile Include="CandyCrushSaga.cpp" />
    <ClCompile Include="TitleGameMode.cpp">
      <Filter>GameMode</Filter>
    </ClCompile>
    <ClCompile Include="TitleMap.cpp">
      <Filter>Title</Filter>
    </ClCompile>
    <ClCompile Include="TitleButton.cpp">
      <Filter>Title</Filter>
    </ClCompile>
    <ClCompile Include="CandyCrushSaga_Resources.cpp" />
    <ClCompile Include="CustomTestRenderer.cpp">
      <Filter>Render</Filter>
    </ClCompile>
    <ClCompile Include="PlayGameMode.cpp">
      <Filter>GameMode</Filter>
    </ClCompile>
    <ClCompile Include="PlayMap.cpp">
      <Filter>GameMap</Filter>
    </ClCompile>
    <ClCompile Include="CCSHUD.cpp">
      <Filter>HUD</Filter>
    </ClCompile>
    <ClCompile Include="ContentsEditorGUI.cpp">
      <Filter>GUI</Filter>
    </ClCompile>
    <ClCompile Include="TileMapGameMode.cpp">
      <Filter>GameMode</Filter>
    </ClCompile>
    <ClCompile Include="MyCustomRenderer.cpp">
      <Filter>Render</Filter>
    </ClCompile>
    <ClCompile Include="CustomCandyRenderer.cpp" />
    <ClCompile Include="CandyGameInstance.cpp" />
    <ClCompile Include="ResultHUD.cpp">
      <Filter>HUD</Filter>
    </ClCompile>
    <ClCompile Include="LMHPostEffect.cpp">
      <Filter>Render</Filter>
    </ClCompile>
    <ClCompile Include="MeshActor.cpp">
      <Filter>Play\Actor</Filter>
    </ClCompile>
    <ClCompile Include="Shine.cpp">
      <Filter>Play\Actor</Filter>
    </ClCompile>
    <ClCompile Include="ScoreActor.cpp">
      <Filter>Play\Actor</Filter>
    </ClCompile>
    <ClCompile Include="Mouse.cpp">
      <Filter>Play</Filter>
    </ClCompile>
    <ClCompile Include="CandyManager.cpp">
      <Filter>Play</Filter>
    </ClCompile>
    <ClCompile Include="Candy.cpp">
      <Filter>Play</Filter>
    </ClCompile>
    <ClCompile Include="BackGroundTile.cpp">
      <Filter>Play</Filter>
    </ClCompile>
  </ItemGroup>
  <ItemGroup>
    <ClInclude Include="PreCompile.h" />
    <ClInclude Include="CandyCrushSaga.h" />
    <ClInclude Include="TitleGameMode.h">
      <Filter>GameMode</Filter>
    </ClInclude>
    <ClInclude Include="TitleMap.h">
      <Filter>Title</Filter>
    </ClInclude>
    <ClInclude Include="TitleButton.h">
      <Filter>Title</Filter>
    </ClInclude>
    <ClInclude Include="PlayGameMode.h">
      <Filter>GameMode</Filter>
    </ClInclude>
    <ClInclude Include="PlayMap.h">
      <Filter>GameMap</Filter>
    </ClInclude>
    <ClInclude Include="CCSHUD.h">
      <Filter>HUD</Filter>
    </ClInclude>
    <ClInclude Include="ContentsEditorGUI.h">
      <Filter>GUI</Filter>
    </ClInclude>
    <ClInclude Include="TileMapGameMode.h">
      <Filter>GameMode</Filter>
    </ClInclude>
    <ClInclude Include="MyCustomRenderer.h">
      <Filter>Render</Filter>
    </ClInclude>
    <ClInclude Include="CustomCandyRenderer.h" />
    <ClInclude Include="ResultHUD.h">
      <Filter>HUD</Filter>
    </ClInclude>
    <ClInclude Include="CustomTestRenderer.h">
      <Filter>Effect</Filter>
    </ClInclude>
    <ClInclude Include="LMHPostEffect.h">
      <Filter>Effect</Filter>
    </ClInclude>
    <ClInclude Include="MeshActor.h">
      <Filter>Play\Actor</Filter>
    </ClInclude>
    <ClInclude Include="Shine.h">
      <Filter>Play\Actor</Filter>
    </ClInclude>
    <ClInclude Include="ScoreActor.h">
      <Filter>Play\Actor</Filter>
    </ClInclude>
    <ClInclude Include="CCSStruct.h">
      <Filter>Global</Filter>
    </ClInclude>
    <ClInclude Include="CCSEnums.h">
      <Filter>Global</Filter>
    </ClInclude>
    <ClInclude Include="CCSConst.h">
      <Filter>Global</Filter>
    </ClInclude>
    <ClInclude Include="Mouse.h">
      <Filter>Play</Filter>
    </ClInclude>
    <ClInclude Include="CandyManager.h">
      <Filter>Play</Filter>
    </ClInclude>
    <ClInclude Include="Candy.h">
      <Filter>Play</Filter>
    </ClInclude>
    <ClInclude Include="BackGroundTile.h">
      <Filter>Play</Filter>
    </ClInclude>
  </ItemGroup>
  <ItemGroup>
    <Filter Include="GameMode">
      <UniqueIdentifier>{396b95ea-8ffa-4215-8c92-9be5aca394f4}</UniqueIdentifier>
    </Filter>
    <Filter Include="Title">
      <UniqueIdentifier>{249f42aa-0181-4677-89df-705cf8723202}</UniqueIdentifier>
    </Filter>
    <Filter Include="Render">
      <UniqueIdentifier>{2024a45a-e644-48b4-b868-97443da1f547}</UniqueIdentifier>
    </Filter>
    <Filter Include="GameMap">
      <UniqueIdentifier>{802f3329-e0a2-4257-8ba5-35db487a03c0}</UniqueIdentifier>
    </Filter>
    <Filter Include="HUD">
      <UniqueIdentifier>{f7598bac-3039-419a-af4e-e2fb5904ccd7}</UniqueIdentifier>
    </Filter>
    <Filter Include="GUI">
      <UniqueIdentifier>{03c33d4f-686f-424f-8e7f-44febbe00eb9}</UniqueIdentifier>
    </Filter>
    <Filter Include="Global">
      <UniqueIdentifier>{b68d4045-6d62-4959-a339-edb4b5a99a96}</UniqueIdentifier>
    </Filter>
    <Filter Include="Effect">
      <UniqueIdentifier>{e4527ebd-df78-45b6-b177-c13d1e4cc128}</UniqueIdentifier>
    </Filter>
    <Filter Include="Play">
      <UniqueIdentifier>{a3de3f72-38e4-45c0-a76b-2281b38deb92}</UniqueIdentifier>
    </Filter>
    <Filter Include="Play\Actor">
      <UniqueIdentifier>{c9fe2d09-3c30-49f5-b171-63fb1e1b6a4d}</UniqueIdentifier>
    </Filter>
  </ItemGroup>
</Project>