<?xml version="1.0" encoding="utf-8"?>
<Project ToolsVersion="4.0" xmlns="http://schemas.microsoft.com/developer/msbuild/2003">
  <ItemGroup>
    <ClCompile Include="Player.cpp" />
    <ClCompile Include="PreCompile.cpp" />
    <ClCompile Include="CandyCrushSaga.cpp" />
    <ClCompile Include="TitleGameMode.cpp">
      <Filter>GameMode</Filter>
    </ClCompile>
    <ClCompile Include="TitleMap.cpp">
      <Filter>Title</Filter>
    </ClCompile>
    <ClCompile Include="TitleButton.cpp">
      <Filter>Title</Filter>
    </ClCompile>
    <ClCompile Include="CandyCrushSaga_Resources.cpp" />
    <ClCompile Include="CustomTestRenderer.cpp">
      <Filter>Render</Filter>
    </ClCompile>
    <ClCompile Include="PlayGameMode.cpp">
      <Filter>GameMode</Filter>
    </ClCompile>
    <ClCompile Include="PlayMap.cpp">
      <Filter>GameMap</Filter>
    </ClCompile>
    <ClCompile Include="Candy.cpp" />
    <ClCompile Include="CCSHUD.cpp">
      <Filter>HUD</Filter>
    </ClCompile>
    <ClCompile Include="ContentsEditorGUI.cpp">
      <Filter>GUI</Filter>
    </ClCompile>
    <ClCompile Include="TileMapGameMode.cpp">
      <Filter>GameMode</Filter>
    </ClCompile>
    <ClCompile Include="CandyManager.cpp" />
    <ClCompile Include="Mouse.cpp" />
    <ClCompile Include="LightGameMode.cpp" />
    <ClCompile Include="MeshActor.cpp" />
    <ClCompile Include="MyCustomRenderer.cpp">
      <Filter>Render</Filter>
    </ClCompile>
    <ClCompile Include="Shine.cpp" />
    <ClCompile Include="BackGroundTile.cpp" />
    <ClCompile Include="LMHPostEffect.cpp" />
    <ClCompile Include="CustomCandyRenderer.cpp" />
  </ItemGroup>
  <ItemGroup>
    <ClInclude Include="Player.h" />
    <ClInclude Include="PreCompile.h" />
    <ClInclude Include="CandyCrushSaga.h" />
    <ClInclude Include="TitleGameMode.h">
      <Filter>GameMode</Filter>
    </ClInclude>
    <ClInclude Include="TitleMap.h">
      <Filter>Title</Filter>
    </ClInclude>
    <ClInclude Include="TitleButton.h">
      <Filter>Title</Filter>
    </ClInclude>
    <ClInclude Include="CustomTestRenderer.h">
      <Filter>Render</Filter>
    </ClInclude>
    <ClInclude Include="PlayGameMode.h">
      <Filter>GameMode</Filter>
    </ClInclude>
    <ClInclude Include="PlayMap.h">
      <Filter>GameMap</Filter>
    </ClInclude>
    <ClInclude Include="Candy.h" />
    <ClInclude Include="CCSConst.h" />
    <ClInclude Include="CCSHUD.h">
      <Filter>HUD</Filter>
    </ClInclude>
    <ClInclude Include="ContentsEditorGUI.h">
      <Filter>GUI</Filter>
    </ClInclude>
    <ClInclude Include="TileMapGameMode.h">
      <Filter>GameMode</Filter>
    </ClInclude>
    <ClInclude Include="CandyManager.h" />
    <ClInclude Include="Mouse.h" />
    <ClInclude Include="MyQueue.h" />
    <ClInclude Include="CCSEnums.h" />
    <ClInclude Include="LightGameMode.h" />
    <ClInclude Include="MeshActor.h" />
    <ClInclude Include="MyCustomRenderer.h">
      <Filter>Render</Filter>
    </ClInclude>
    <ClInclude Include="Shine.h" />
    <ClInclude Include="BackGroundTile.h" />
    <ClInclude Include="LMHPostEffect.h" />
    <ClInclude Include="CustomCandyRenderer.h" />
  </ItemGroup>
  <ItemGroup>
    <Filter Include="GameMode">
      <UniqueIdentifier>{396b95ea-8ffa-4215-8c92-9be5aca394f4}</UniqueIdentifier>
    </Filter>
    <Filter Include="Title">
      <UniqueIdentifier>{249f42aa-0181-4677-89df-705cf8723202}</UniqueIdentifier>
    </Filter>
    <Filter Include="Render">
      <UniqueIdentifier>{2024a45a-e644-48b4-b868-97443da1f547}</UniqueIdentifier>
    </Filter>
    <Filter Include="GameMap">
      <UniqueIdentifier>{802f3329-e0a2-4257-8ba5-35db487a03c0}</UniqueIdentifier>
    </Filter>
    <Filter Include="HUD">
      <UniqueIdentifier>{f7598bac-3039-419a-af4e-e2fb5904ccd7}</UniqueIdentifier>
    </Filter>
    <Filter Include="GUI">
      <UniqueIdentifier>{03c33d4f-686f-424f-8e7f-44febbe00eb9}</UniqueIdentifier>
    </Filter>
    <Filter Include="Global">
      <UniqueIdentifier>{b68d4045-6d62-4959-a339-edb4b5a99a96}</UniqueIdentifier>
    </Filter>
  </ItemGroup>
</Project>