
Microsoft Visual Studio Solution File, Format Version 12.00
# Visual Studio Version 17
VisualStudioVersion = 17.11.35327.3
MinimumVisualStudioVersion = 10.0.40219.1
Project("{8BC9CEB8-8B4A-11D0-8D11-00A0C91BC942}") = "App", "App\App.vcxproj", "{F8AC2800-A218-4D8E-8E89-ABCA1D79A024}"
	ProjectSection(ProjectDependencies) = postProject
		{121181C5-0B8F-45D0-9A9E-8C9B2FA95F5A} = {121181C5-0B8F-45D0-9A9E-8C9B2FA95F5A}
		{1518FC4B-32CF-464E-83AB-9673774943A1} = {1518FC4B-32CF-464E-83AB-9673774943A1}
		{379EF120-D4CF-4B70-B9CC-39E1665EA74A} = {379EF120-D4CF-4B70-B9CC-39E1665EA74A}
		{5E948AAE-4100-4923-9B67-31EC91F31E01} = {5E948AAE-4100-4923-9B67-31EC91F31E01}
	EndProjectSection
EndProject
Project("{2150E333-8FDC-42A3-9474-1A3956D46DE8}") = "Level4", "Level4", "{75003814-A444-454F-B811-5643C6167897}"
EndProject
Project("{8BC9CEB8-8B4A-11D0-8D11-00A0C91BC942}") = "EngineBase", "EngineBase\EngineBase.vcxproj", "{1518FC4B-32CF-464E-83AB-9673774943A1}"
EndProject
Project("{2150E333-8FDC-42A3-9474-1A3956D46DE8}") = "Level1", "Level1", "{68E6A81D-1C4B-4355-AB05-51E11C6EB813}"
EndProject
Project("{2150E333-8FDC-42A3-9474-1A3956D46DE8}") = "Level0", "Level0", "{FCB40A77-C16C-4910-B62B-BF6D24B81B23}"
EndProject
Project("{2150E333-8FDC-42A3-9474-1A3956D46DE8}") = "Level2", "Level2", "{634D9D35-08CA-42AE-B199-9CA80C3B453A}"
EndProject
Project("{2150E333-8FDC-42A3-9474-1A3956D46DE8}") = "Level3", "Level3", "{C4B78C51-A19C-4467-8EC6-C89726EC3213}"
EndProject
Project("{8BC9CEB8-8B4A-11D0-8D11-00A0C91BC942}") = "EnginePlatform", "EnginePlatform\EnginePlatform.vcxproj", "{379EF120-D4CF-4B70-B9CC-39E1665EA74A}"
	ProjectSection(ProjectDependencies) = postProject
		{1518FC4B-32CF-464E-83AB-9673774943A1} = {1518FC4B-32CF-464E-83AB-9673774943A1}
	EndProjectSection
EndProject
Project("{8BC9CEB8-8B4A-11D0-8D11-00A0C91BC942}") = "EngineCore", "EngineCore\EngineCore.vcxproj", "{5E948AAE-4100-4923-9B67-31EC91F31E01}"
	ProjectSection(ProjectDependencies) = postProject
		{1518FC4B-32CF-464E-83AB-9673774943A1} = {1518FC4B-32CF-464E-83AB-9673774943A1}
		{379EF120-D4CF-4B70-B9CC-39E1665EA74A} = {379EF120-D4CF-4B70-B9CC-39E1665EA74A}
	EndProjectSection
EndProject
Project("{8BC9CEB8-8B4A-11D0-8D11-00A0C91BC942}") = "EngineContents", "EngineContents\EngineContents.vcxproj", "{121181C5-0B8F-45D0-9A9E-8C9B2FA95F5A}"
	ProjectSection(ProjectDependencies) = postProject
		{1518FC4B-32CF-464E-83AB-9673774943A1} = {1518FC4B-32CF-464E-83AB-9673774943A1}
		{379EF120-D4CF-4B70-B9CC-39E1665EA74A} = {379EF120-D4CF-4B70-B9CC-39E1665EA74A}
		{5E948AAE-4100-4923-9B67-31EC91F31E01} = {5E948AAE-4100-4923-9B67-31EC91F31E01}
	EndProjectSection
EndProject
Project("{8BC9CEB8-8B4A-11D0-8D11-00A0C91BC942}") = "EngineShader", "EngineShader\EngineShader.vcxproj", "{4ECEFCE2-55F7-491E-8AE3-74F37F172303}"
EndProject
Project("{8BC9CEB8-8B4A-11D0-8D11-00A0C91BC942}") = "ContentsShader", "ContentsShader\ContentsShader.vcxproj", "{E2C24D9E-B946-48BB-B5E5-28BA0ADC5731}"
EndProject
Global
	GlobalSection(SolutionConfigurationPlatforms) = preSolution
		Debug|x64 = Debug|x64
		Debug|x86 = Debug|x86
		Release|x64 = Release|x64
		Release|x86 = Release|x86
	EndGlobalSection
	GlobalSection(ProjectConfigurationPlatforms) = postSolution
		{F8AC2800-A218-4D8E-8E89-ABCA1D79A024}.Debug|x64.ActiveCfg = Debug|x64
		{F8AC2800-A218-4D8E-8E89-ABCA1D79A024}.Debug|x64.Build.0 = Debug|x64
		{F8AC2800-A218-4D8E-8E89-ABCA1D79A024}.Debug|x86.ActiveCfg = Debug|Win32
		{F8AC2800-A218-4D8E-8E89-ABCA1D79A024}.Debug|x86.Build.0 = Debug|Win32
		{F8AC2800-A218-4D8E-8E89-ABCA1D79A024}.Release|x64.ActiveCfg = Release|x64
		{F8AC2800-A218-4D8E-8E89-ABCA1D79A024}.Release|x64.Build.0 = Release|x64
		{F8AC2800-A218-4D8E-8E89-ABCA1D79A024}.Release|x86.ActiveCfg = Release|Win32
		{F8AC2800-A218-4D8E-8E89-ABCA1D79A024}.Release|x86.Build.0 = Release|Win32
		{1518FC4B-32CF-464E-83AB-9673774943A1}.Debug|x64.ActiveCfg = Debug|x64
		{1518FC4B-32CF-464E-83AB-9673774943A1}.Debug|x64.Build.0 = Debug|x64
		{1518FC4B-32CF-464E-83AB-9673774943A1}.Debug|x86.ActiveCfg = Debug|Win32
		{1518FC4B-32CF-464E-83AB-9673774943A1}.Debug|x86.Build.0 = Debug|Win32
		{1518FC4B-32CF-464E-83AB-9673774943A1}.Release|x64.ActiveCfg = Release|x64
		{1518FC4B-32CF-464E-83AB-9673774943A1}.Release|x64.Build.0 = Release|x64
		{1518FC4B-32CF-464E-83AB-9673774943A1}.Release|x86.ActiveCfg = Release|Win32
		{1518FC4B-32CF-464E-83AB-9673774943A1}.Release|x86.Build.0 = Release|Win32
		{379EF120-D4CF-4B70-B9CC-39E1665EA74A}.Debug|x64.ActiveCfg = Debug|x64
		{379EF120-D4CF-4B70-B9CC-39E1665EA74A}.Debug|x64.Build.0 = Debug|x64
		{379EF120-D4CF-4B70-B9CC-39E1665EA74A}.Debug|x86.ActiveCfg = Debug|Win32
		{379EF120-D4CF-4B70-B9CC-39E1665EA74A}.Debug|x86.Build.0 = Debug|Win32
		{379EF120-D4CF-4B70-B9CC-39E1665EA74A}.Release|x64.ActiveCfg = Release|x64
		{379EF120-D4CF-4B70-B9CC-39E1665EA74A}.Release|x64.Build.0 = Release|x64
		{379EF120-D4CF-4B70-B9CC-39E1665EA74A}.Release|x86.ActiveCfg = Release|Win32
		{379EF120-D4CF-4B70-B9CC-39E1665EA74A}.Release|x86.Build.0 = Release|Win32
		{5E948AAE-4100-4923-9B67-31EC91F31E01}.Debug|x64.ActiveCfg = Debug|x64
		{5E948AAE-4100-4923-9B67-31EC91F31E01}.Debug|x64.Build.0 = Debug|x64
		{5E948AAE-4100-4923-9B67-31EC91F31E01}.Debug|x86.ActiveCfg = Debug|Win32
		{5E948AAE-4100-4923-9B67-31EC91F31E01}.Debug|x86.Build.0 = Debug|Win32
		{5E948AAE-4100-4923-9B67-31EC91F31E01}.Release|x64.ActiveCfg = Release|x64
		{5E948AAE-4100-4923-9B67-31EC91F31E01}.Release|x64.Build.0 = Release|x64
		{5E948AAE-4100-4923-9B67-31EC91F31E01}.Release|x86.ActiveCfg = Release|Win32
		{5E948AAE-4100-4923-9B67-31EC91F31E01}.Release|x86.Build.0 = Release|Win32
		{121181C5-0B8F-45D0-9A9E-8C9B2FA95F5A}.Debug|x64.ActiveCfg = Debug|x64
		{121181C5-0B8F-45D0-9A9E-8C9B2FA95F5A}.Debug|x64.Build.0 = Debug|x64
		{121181C5-0B8F-45D0-9A9E-8C9B2FA95F5A}.Debug|x86.ActiveCfg = Debug|Win32
		{121181C5-0B8F-45D0-9A9E-8C9B2FA95F5A}.Debug|x86.Build.0 = Debug|Win32
		{121181C5-0B8F-45D0-9A9E-8C9B2FA95F5A}.Release|x64.ActiveCfg = Release|x64
		{121181C5-0B8F-45D0-9A9E-8C9B2FA95F5A}.Release|x64.Build.0 = Release|x64
		{121181C5-0B8F-45D0-9A9E-8C9B2FA95F5A}.Release|x86.ActiveCfg = Release|Win32
		{121181C5-0B8F-45D0-9A9E-8C9B2FA95F5A}.Release|x86.Build.0 = Release|Win32
		{4ECEFCE2-55F7-491E-8AE3-74F37F172303}.Debug|x64.ActiveCfg = Debug|x64
		{4ECEFCE2-55F7-491E-8AE3-74F37F172303}.Debug|x64.Build.0 = Debug|x64
		{4ECEFCE2-55F7-491E-8AE3-74F37F172303}.Debug|x86.ActiveCfg = Debug|Win32
		{4ECEFCE2-55F7-491E-8AE3-74F37F172303}.Debug|x86.Build.0 = Debug|Win32
		{4ECEFCE2-55F7-491E-8AE3-74F37F172303}.Release|x64.ActiveCfg = Release|x64
		{4ECEFCE2-55F7-491E-8AE3-74F37F172303}.Release|x64.Build.0 = Release|x64
		{4ECEFCE2-55F7-491E-8AE3-74F37F172303}.Release|x86.ActiveCfg = Release|Win32
		{4ECEFCE2-55F7-491E-8AE3-74F37F172303}.Release|x86.Build.0 = Release|Win32
		{E2C24D9E-B946-48BB-B5E5-28BA0ADC5731}.Debug|x64.ActiveCfg = Debug|x64
		{E2C24D9E-B946-48BB-B5E5-28BA0ADC5731}.Debug|x64.Build.0 = Debug|x64
		{E2C24D9E-B946-48BB-B5E5-28BA0ADC5731}.Debug|x86.ActiveCfg = Debug|Win32
		{E2C24D9E-B946-48BB-B5E5-28BA0ADC5731}.Debug|x86.Build.0 = Debug|Win32
		{E2C24D9E-B946-48BB-B5E5-28BA0ADC5731}.Release|x64.ActiveCfg = Release|x64
		{E2C24D9E-B946-48BB-B5E5-28BA0ADC5731}.Release|x64.Build.0 = Release|x64
		{E2C24D9E-B946-48BB-B5E5-28BA0ADC5731}.Release|x86.ActiveCfg = Release|Win32
		{E2C24D9E-B946-48BB-B5E5-28BA0ADC5731}.Release|x86.Build.0 = Release|Win32
	EndGlobalSection
	GlobalSection(SolutionProperties) = preSolution
		HideSolutionNode = FALSE
	EndGlobalSection
	GlobalSection(NestedProjects) = preSolution
		{F8AC2800-A218-4D8E-8E89-ABCA1D79A024} = {75003814-A444-454F-B811-5643C6167897}
		{1518FC4B-32CF-464E-83AB-9673774943A1} = {FCB40A77-C16C-4910-B62B-BF6D24B81B23}
		{379EF120-D4CF-4B70-B9CC-39E1665EA74A} = {68E6A81D-1C4B-4355-AB05-51E11C6EB813}
		{5E948AAE-4100-4923-9B67-31EC91F31E01} = {634D9D35-08CA-42AE-B199-9CA80C3B453A}
		{121181C5-0B8F-45D0-9A9E-8C9B2FA95F5A} = {C4B78C51-A19C-4467-8EC6-C89726EC3213}
		{4ECEFCE2-55F7-491E-8AE3-74F37F172303} = {634D9D35-08CA-42AE-B199-9CA80C3B453A}
		{E2C24D9E-B946-48BB-B5E5-28BA0ADC5731} = {C4B78C51-A19C-4467-8EC6-C89726EC3213}
	EndGlobalSection
	GlobalSection(ExtensibilityGlobals) = postSolution
		SolutionGuid = {677FA930-080B-4DC9-92DC-23D78B4B93F0}
	EndGlobalSection
EndGlobal
