<?xml version="1.0" encoding="utf-8"?>
<Project ToolsVersion="4.0" xmlns="http://schemas.microsoft.com/developer/msbuild/2003">
  <ItemGroup>
    <ClCompile Include="EngineCore.cpp" />
    <ClCompile Include="PreCompile.cpp" />
    <ClCompile Include="Level.cpp">
      <Filter>Object</Filter>
    </ClCompile>
    <ClCompile Include="ActorComponent.cpp">
      <Filter>Object\Component</Filter>
    </ClCompile>
    <ClCompile Include="GameMode.cpp">
      <Filter>Object\Actor</Filter>
    </ClCompile>
    <ClCompile Include="Pawn.cpp">
      <Filter>Object\Actor</Filter>
    </ClCompile>
    <ClCompile Include="SceneComponent.cpp">
      <Filter>Object\Component</Filter>
    </ClCompile>
    <ClCompile Include="Actor.cpp">
      <Filter>Object</Filter>
    </ClCompile>
    <ClCompile Include="Renderer.cpp">
      <Filter>Object\Component\Contents</Filter>
    </ClCompile>
    <ClCompile Include="EngineGraphicDevice.cpp">
      <Filter>Graphic</Filter>
    </ClCompile>
    <ClCompile Include="CameraActor.cpp" />
    <ClCompile Include="EngineCamera.cpp" />
  </ItemGroup>
  <ItemGroup>
    <ClInclude Include="EngineCore.h" />
    <ClInclude Include="PreCompile.h" />
    <ClInclude Include="IContentsCore.h">
      <Filter>Interface</Filter>
    </ClInclude>
    <ClInclude Include="Level.h">
      <Filter>Object</Filter>
    </ClInclude>
    <ClInclude Include="ActorComponent.h">
      <Filter>Object\Component</Filter>
    </ClInclude>
    <ClInclude Include="GameMode.h">
      <Filter>Object\Actor</Filter>
    </ClInclude>
    <ClInclude Include="Pawn.h">
      <Filter>Object\Actor</Filter>
    </ClInclude>
    <ClInclude Include="SceneComponent.h">
      <Filter>Object\Component</Filter>
    </ClInclude>
    <ClInclude Include="Actor.h">
      <Filter>Object</Filter>
    </ClInclude>
    <ClInclude Include="Renderer.h">
      <Filter>Object\Component\Contents</Filter>
    </ClInclude>
    <ClInclude Include="EngineGraphicDevice.h">
      <Filter>Graphic</Filter>
    </ClInclude>
    <ClInclude Include="CameraActor.h" />
    <ClInclude Include="EngineCamera.h" />
  </ItemGroup>
  <ItemGroup>
    <Filter Include="Interface">
      <UniqueIdentifier>{810fa14d-2266-4ca7-9c6b-950a6d0a9f8c}</UniqueIdentifier>
    </Filter>
    <Filter Include="Object">
      <UniqueIdentifier>{6a638de3-823b-4d8f-b92a-34693d8ac7bb}</UniqueIdentifier>
    </Filter>
    <Filter Include="Object\Actor">
      <UniqueIdentifier>{15947b23-f0d6-4d41-8481-03b0d48141ea}</UniqueIdentifier>
    </Filter>
    <Filter Include="Object\Component">
      <UniqueIdentifier>{d1d404a6-de98-46b8-9986-c60dd06f0a1c}</UniqueIdentifier>
    </Filter>
    <Filter Include="Object\Component\Contents">
      <UniqueIdentifier>{f843cdfb-0cbb-4fad-b6d1-58f1afa6f960}</UniqueIdentifier>
    </Filter>
    <Filter Include="Graphic">
      <UniqueIdentifier>{ad6f3c60-8cdd-47a2-9610-8ce75ca71190}</UniqueIdentifier>
    </Filter>
    <Filter Include="Object\Render">
      <UniqueIdentifier>{171a8f05-b8a4-4a58-82eb-850267cc4d24}</UniqueIdentifier>
    </Filter>
    <Filter Include="Core">
      <UniqueIdentifier>{b1f14427-afc7-44cd-9807-540561d7ee65}</UniqueIdentifier>
    </Filter>
  </ItemGroup>
</Project>