<?xml version="1.0" encoding="utf-8"?>
<Project ToolsVersion="4.0" xmlns="http://schemas.microsoft.com/developer/msbuild/2003">
  <ItemGroup>
    <ClCompile Include="PreCompile.cpp" />
    <ClCompile Include="Level.cpp">
      <Filter>Object</Filter>
    </ClCompile>
    <ClCompile Include="ActorComponent.cpp">
      <Filter>Object\Component</Filter>
    </ClCompile>
    <ClCompile Include="GameMode.cpp">
      <Filter>Object\Actor</Filter>
    </ClCompile>
    <ClCompile Include="Pawn.cpp">
      <Filter>Object\Actor</Filter>
    </ClCompile>
    <ClCompile Include="SceneComponent.cpp">
      <Filter>Object\Component</Filter>
    </ClCompile>
    <ClCompile Include="Actor.cpp">
      <Filter>Object</Filter>
    </ClCompile>
    <ClCompile Include="EngineGraphicDevice.cpp">
      <Filter>Graphic</Filter>
    </ClCompile>
    <ClCompile Include="EngineResources.cpp">
      <Filter>Resources</Filter>
    </ClCompile>
    <ClCompile Include="SpriteRenderer.cpp">
      <Filter>Object\Component\Contents</Filter>
    </ClCompile>
    <ClCompile Include="imgui.cpp">
      <Filter>GUI\IMGUI\Cpp</Filter>
    </ClCompile>
    <ClCompile Include="imgui_draw.cpp">
      <Filter>GUI\IMGUI\Cpp</Filter>
    </ClCompile>
    <ClCompile Include="imgui_impl_dx11.cpp">
      <Filter>GUI\IMGUI\Cpp</Filter>
    </ClCompile>
    <ClCompile Include="imgui_impl_win32.cpp">
      <Filter>GUI\IMGUI\Cpp</Filter>
    </ClCompile>
    <ClCompile Include="imgui_widgets.cpp">
      <Filter>GUI\IMGUI\Cpp</Filter>
    </ClCompile>
    <ClCompile Include="imgui_tables.cpp">
      <Filter>GUI\IMGUI\Cpp</Filter>
    </ClCompile>
    <ClCompile Include="EngineGUIWindow.cpp">
      <Filter>GUI</Filter>
    </ClCompile>
    <ClCompile Include="EngineGUI.cpp">
      <Filter>GUI</Filter>
    </ClCompile>
    <ClCompile Include="DefaultSceneComponent.cpp">
      <Filter>Object\Component</Filter>
    </ClCompile>
    <ClCompile Include="CameraActor.cpp">
      <Filter>Object\Render</Filter>
    </ClCompile>
    <ClCompile Include="EngineCamera.cpp">
      <Filter>Object\Render</Filter>
    </ClCompile>
    <ClCompile Include="RenderUnit.cpp">
      <Filter>Object\Render</Filter>
    </ClCompile>
    <ClCompile Include="EngineGraphicDevice_Resources.cpp">
      <Filter>Graphic</Filter>
    </ClCompile>
    <ClCompile Include="EngineCore.cpp">
      <Filter>Core</Filter>
    </ClCompile>
    <ClCompile Include="EngineShaderResources.cpp" />
    <ClCompile Include="EngineVertexBuffer.cpp">
      <Filter>Resources\Buffer</Filter>
    </ClCompile>
    <ClCompile Include="EngineConstantBuffer.cpp">
      <Filter>Resources\Buffer</Filter>
    </ClCompile>
    <ClCompile Include="EngineDeviceBuffer.cpp">
      <Filter>Resources\Buffer</Filter>
    </ClCompile>
    <ClCompile Include="EngineIndexBuffer.cpp">
      <Filter>Resources\Buffer</Filter>
    </ClCompile>
    <ClCompile Include="Mesh.cpp">
      <Filter>Resources\Mesh</Filter>
    </ClCompile>
    <ClCompile Include="EngineVertexShader.cpp">
      <Filter>Resources\Shader</Filter>
    </ClCompile>
    <ClCompile Include="EngineShader.cpp">
      <Filter>Resources\Shader</Filter>
    </ClCompile>
    <ClCompile Include="EnginePixelShader.cpp">
      <Filter>Resources\Shader</Filter>
    </ClCompile>
    <ClCompile Include="TransformObject.cpp" />
    <ClCompile Include="Collision.cpp">
      <Filter>Object\Component\Collision</Filter>
    </ClCompile>
    <ClCompile Include="TimeEventComponent.cpp">
      <Filter>Object\Component\Contents</Filter>
    </ClCompile>
    <ClCompile Include="Renderer.cpp">
      <Filter>Object\Component\Render</Filter>
    </ClCompile>
    <ClCompile Include="TileMapRenderer.cpp">
      <Filter>Render</Filter>
    </ClCompile>
    <ClCompile Include="EngineMaterial.cpp">
      <Filter>Resources</Filter>
    </ClCompile>
    <ClCompile Include="EngineDepthStencilState.cpp">
      <Filter>Resources</Filter>
    </ClCompile>
    <ClCompile Include="EngineBlend.cpp">
      <Filter>Resources</Filter>
    </ClCompile>
    <ClCompile Include="EngineTexture.cpp">
      <Filter>Resources\Texture</Filter>
    </ClCompile>
    <ClCompile Include="EngineVertex.cpp">
      <Filter>Resources\Mesh</Filter>
    </ClCompile>
    <ClCompile Include="EngineInputLayOutInfo.cpp">
      <Filter>Resources\Mesh</Filter>
    </ClCompile>
    <ClCompile Include="EngineRasterizerState.cpp">
      <Filter>Resources</Filter>
    </ClCompile>
    <ClCompile Include="EngineSprite.cpp">
      <Filter>Resources\Texture</Filter>
    </ClCompile>
    <ClCompile Include="EngineRenderTarget.cpp">
      <Filter>Resources\Texture</Filter>
    </ClCompile>
    <ClCompile Include="EngineSampler.cpp">
      <Filter>Resources\Texture</Filter>
    </ClCompile>
    <ClCompile Include="Widget.cpp">
      <Filter>Object\UI</Filter>
    </ClCompile>
    <ClCompile Include="HUD.cpp">
      <Filter>Object\Actor</Filter>
    </ClCompile>
    <ClCompile Include="EngineFont.cpp">
      <Filter>Font</Filter>
    </ClCompile>
    <ClCompile Include="FontWidget.cpp">
      <Filter>HUD</Filter>
    </ClCompile>
    <ClCompile Include="ImageWidget.cpp">
      <Filter>HUD</Filter>
    </ClCompile>
    <ClCompile Include="GameInstance.cpp" />
  </ItemGroup>
  <ItemGroup>
    <ClInclude Include="PreCompile.h" />
    <ClInclude Include="IContentsCore.h">
      <Filter>Interface</Filter>
    </ClInclude>
    <ClInclude Include="Level.h">
      <Filter>Object</Filter>
    </ClInclude>
    <ClInclude Include="ActorComponent.h">
      <Filter>Object\Component</Filter>
    </ClInclude>
    <ClInclude Include="GameMode.h">
      <Filter>Object\Actor</Filter>
    </ClInclude>
    <ClInclude Include="Pawn.h">
      <Filter>Object\Actor</Filter>
    </ClInclude>
    <ClInclude Include="SceneComponent.h">
      <Filter>Object\Component</Filter>
    </ClInclude>
    <ClInclude Include="Actor.h">
      <Filter>Object</Filter>
    </ClInclude>
    <ClInclude Include="EngineGraphicDevice.h">
      <Filter>Graphic</Filter>
    </ClInclude>
    <ClInclude Include="ThirdParty\DirectxTex\Inc\DirectXTex.h">
      <Filter>ThirdParty\DirectxTex\Inc</Filter>
    </ClInclude>
    <ClInclude Include="EngineResources.h">
      <Filter>Resources</Filter>
    </ClInclude>
    <ClInclude Include="SpriteRenderer.h">
      <Filter>Object\Component\Contents</Filter>
    </ClInclude>
    <ClInclude Include="imgui.h">
      <Filter>GUI\IMGUI\Header</Filter>
    </ClInclude>
    <ClInclude Include="imgui_impl_dx11.h">
      <Filter>GUI\IMGUI\Header</Filter>
    </ClInclude>
    <ClInclude Include="imgui_impl_win32.h">
      <Filter>GUI\IMGUI\Header</Filter>
    </ClInclude>
    <ClInclude Include="imgui_internal.h">
      <Filter>GUI\IMGUI\Header</Filter>
    </ClInclude>
    <ClInclude Include="imstb_rectpack.h">
      <Filter>GUI\IMGUI\Header</Filter>
    </ClInclude>
    <ClInclude Include="imstb_textedit.h">
      <Filter>GUI\IMGUI\Header</Filter>
    </ClInclude>
    <ClInclude Include="imstb_truetype.h">
      <Filter>GUI\IMGUI\Header</Filter>
    </ClInclude>
    <ClInclude Include="EngineGUIWindow.h">
      <Filter>GUI</Filter>
    </ClInclude>
    <ClInclude Include="EngineGUI.h">
      <Filter>GUI</Filter>
    </ClInclude>
    <ClInclude Include="imconfig.h">
      <Filter>GUI\IMGUI\Header</Filter>
    </ClInclude>
    <ClInclude Include="DefaultSceneComponent.h">
      <Filter>Object\Component</Filter>
    </ClInclude>
    <ClInclude Include="CameraActor.h">
      <Filter>Object\Render</Filter>
    </ClInclude>
    <ClInclude Include="EngineCamera.h">
      <Filter>Object\Render</Filter>
    </ClInclude>
    <ClInclude Include="RenderUnit.h">
      <Filter>Object\Render</Filter>
    </ClInclude>
    <ClInclude Include="EngineCore.h">
      <Filter>Core</Filter>
    </ClInclude>
    <ClInclude Include="EngineEnums.h" />
    <ClInclude Include="EngineShaderResources.h" />
    <ClInclude Include="EngineVertexBuffer.h">
      <Filter>Resources\Buffer</Filter>
    </ClInclude>
    <ClInclude Include="EngineConstantBuffer.h">
      <Filter>Resources\Buffer</Filter>
    </ClInclude>
    <ClInclude Include="EngineDeviceBuffer.h">
      <Filter>Resources\Buffer</Filter>
    </ClInclude>
    <ClInclude Include="Mesh.h">
      <Filter>Resources\Mesh</Filter>
    </ClInclude>
    <ClInclude Include="EngineVertex.h">
      <Filter>Resources\Mesh</Filter>
    </ClInclude>
    <ClInclude Include="EngineIndexBuffer.h">
      <Filter>Resources\Buffer</Filter>
    </ClInclude>
    <ClInclude Include="EngineVertexShader.h">
      <Filter>Resources\Shader</Filter>
    </ClInclude>
    <ClInclude Include="EngineShader.h">
      <Filter>Resources\Shader</Filter>
    </ClInclude>
    <ClInclude Include="EnginePixelShader.h">
      <Filter>Resources\Shader</Filter>
    </ClInclude>
    <ClInclude Include="TransformObject.h" />
    <ClInclude Include="Collision.h" />
    <ClInclude Include="TimeEventComponent.h">
      <Filter>Object\Component\Contents</Filter>
    </ClInclude>
    <ClInclude Include="Renderer.h">
      <Filter>Object\Component\Render</Filter>
    </ClInclude>
    <ClInclude Include="TileMapRenderer.h">
      <Filter>Render</Filter>
    </ClInclude>
    <ClInclude Include="EngineMaterial.h">
      <Filter>Resources</Filter>
    </ClInclude>
    <ClInclude Include="EngineDepthStencilState.h">
      <Filter>Resources</Filter>
    </ClInclude>
    <ClInclude Include="EngineBlend.h">
      <Filter>Resources</Filter>
    </ClInclude>
    <ClInclude Include="EngineTexture.h">
      <Filter>Resources\Texture</Filter>
    </ClInclude>
    <ClInclude Include="EngineInputLayOutInfo.h">
      <Filter>Resources\Mesh</Filter>
    </ClInclude>
    <ClInclude Include="EngineRasterizerState.h">
      <Filter>Resources</Filter>
    </ClInclude>
    <ClInclude Include="EngineSprite.h">
      <Filter>Resources\Texture</Filter>
    </ClInclude>
    <ClInclude Include="EngineRenderTarget.h">
      <Filter>Resources\Texture</Filter>
    </ClInclude>
    <ClInclude Include="EngineSampler.h">
      <Filter>Resources\Texture</Filter>
    </ClInclude>
    <ClInclude Include="Widget.h">
      <Filter>Object\UI</Filter>
    </ClInclude>
    <ClInclude Include="HUD.h">
      <Filter>Object\Actor</Filter>
    </ClInclude>
    <ClInclude Include="EngineDataStruct.h" />
    <ClInclude Include="ThirdParty\FW1FontWrapper\Inc\FW1FontWrapper.h">
      <Filter>ThirdParty\FW1FontWrapper\Inc</Filter>
    </ClInclude>
    <ClInclude Include="EngineFont.h">
      <Filter>Font</Filter>
    </ClInclude>
    <ClInclude Include="FontWidget.h">
      <Filter>HUD</Filter>
    </ClInclude>
    <ClInclude Include="ImageWidget.h">
      <Filter>HUD</Filter>
    </ClInclude>
    <ClInclude Include="GameInstance.h" />
  </ItemGroup>
  <ItemGroup>
    <Filter Include="Interface">
      <UniqueIdentifier>{810fa14d-2266-4ca7-9c6b-950a6d0a9f8c}</UniqueIdentifier>
    </Filter>
    <Filter Include="Object">
      <UniqueIdentifier>{6a638de3-823b-4d8f-b92a-34693d8ac7bb}</UniqueIdentifier>
    </Filter>
    <Filter Include="Object\Actor">
      <UniqueIdentifier>{15947b23-f0d6-4d41-8481-03b0d48141ea}</UniqueIdentifier>
    </Filter>
    <Filter Include="Object\Component">
      <UniqueIdentifier>{d1d404a6-de98-46b8-9986-c60dd06f0a1c}</UniqueIdentifier>
    </Filter>
    <Filter Include="Object\Component\Contents">
      <UniqueIdentifier>{f843cdfb-0cbb-4fad-b6d1-58f1afa6f960}</UniqueIdentifier>
    </Filter>
    <Filter Include="Graphic">
      <UniqueIdentifier>{ad6f3c60-8cdd-47a2-9610-8ce75ca71190}</UniqueIdentifier>
    </Filter>
    <Filter Include="Object\Render">
      <UniqueIdentifier>{171a8f05-b8a4-4a58-82eb-850267cc4d24}</UniqueIdentifier>
    </Filter>
    <Filter Include="Core">
      <UniqueIdentifier>{b1f14427-afc7-44cd-9807-540561d7ee65}</UniqueIdentifier>
    </Filter>
    <Filter Include="ThirdParty">
      <UniqueIdentifier>{e9f5dd72-8047-44e6-8fc0-d21e2ed399d4}</UniqueIdentifier>
    </Filter>
    <Filter Include="ThirdParty\DirectxTex">
      <UniqueIdentifier>{59fefb72-61ba-47bd-9c96-6678dcbffd5b}</UniqueIdentifier>
    </Filter>
    <Filter Include="ThirdParty\DirectxTex\Debug">
      <UniqueIdentifier>{fd3ba854-d4d4-44e5-90e1-2a14ceba8126}</UniqueIdentifier>
    </Filter>
    <Filter Include="ThirdParty\DirectxTex\Release">
      <UniqueIdentifier>{26a8a3ae-b2b8-4a93-944b-e9c93e49cdce}</UniqueIdentifier>
    </Filter>
    <Filter Include="ThirdParty\DirectxTex\Inc">
      <UniqueIdentifier>{e66c1091-077c-48ff-a85e-d3c9ed36f9fd}</UniqueIdentifier>
    </Filter>
    <Filter Include="Resources">
      <UniqueIdentifier>{7efd73e0-ff7d-4aa9-a249-fa16c7226cb9}</UniqueIdentifier>
    </Filter>
    <Filter Include="GUI">
      <UniqueIdentifier>{d17e69e2-2696-48d8-957d-aaa6ec4e5ea6}</UniqueIdentifier>
    </Filter>
    <Filter Include="GUI\IMGUI">
      <UniqueIdentifier>{ac8e630e-d46c-49eb-ad90-6f3def909e78}</UniqueIdentifier>
    </Filter>
    <Filter Include="GUI\IMGUI\Cpp">
      <UniqueIdentifier>{d7a115d1-59dd-4c2a-8fef-9727c9184e9a}</UniqueIdentifier>
    </Filter>
    <Filter Include="GUI\IMGUI\Header">
      <UniqueIdentifier>{2dfd72d4-1640-4795-82a4-5bebc8bab462}</UniqueIdentifier>
    </Filter>
    <Filter Include="Data">
      <UniqueIdentifier>{dc6463d6-d62a-4fa3-be85-c00a53484569}</UniqueIdentifier>
    </Filter>
    <Filter Include="Render">
      <UniqueIdentifier>{af1ac83a-9cd8-49e7-a7f7-69f2a9e56d35}</UniqueIdentifier>
    </Filter>
    <Filter Include="Resources\Buffer">
      <UniqueIdentifier>{9bd330d8-30ab-4947-929d-6028b08d2a35}</UniqueIdentifier>
    </Filter>
    <Filter Include="Resources\Mesh">
      <UniqueIdentifier>{ac0f69c9-ff63-4b8a-8942-cb4e2bf4fb64}</UniqueIdentifier>
    </Filter>
    <Filter Include="Resources\Shader">
      <UniqueIdentifier>{6a7e603c-6566-4b2e-9689-5f04fcf4edae}</UniqueIdentifier>
    </Filter>
    <Filter Include="Resources\Texture">
      <UniqueIdentifier>{3e7ad0c6-5e5f-4f51-a67c-63b95efae6b8}</UniqueIdentifier>
    </Filter>
    <Filter Include="Object\Component\Collision">
      <UniqueIdentifier>{1ecb3348-14ec-428f-bc24-4b5e356fbe28}</UniqueIdentifier>
    </Filter>
    <Filter Include="Object\Component\Render">
      <UniqueIdentifier>{5f8fb23e-61c1-47a9-9ebc-2130fd3c105f}</UniqueIdentifier>
    </Filter>
    <Filter Include="Object\UI">
      <UniqueIdentifier>{94ff31eb-1f42-4687-8e8b-bf18bb3cf2d4}</UniqueIdentifier>
    </Filter>
    <Filter Include="ThirdParty\FW1FontWrapper">
      <UniqueIdentifier>{c5bedc8f-3385-4b9c-a6ec-86dc314d242f}</UniqueIdentifier>
    </Filter>
    <Filter Include="ThirdParty\FW1FontWrapper\Inc">
      <UniqueIdentifier>{1db230f7-eee4-4811-b1b7-485108836e84}</UniqueIdentifier>
    </Filter>
    <Filter Include="ThirdParty\FW1FontWrapper\Debug">
      <UniqueIdentifier>{86a7cf2e-b256-4e43-9ef2-cef9c32ea4aa}</UniqueIdentifier>
    </Filter>
    <Filter Include="ThirdParty\FW1FontWrapper\Release">
      <UniqueIdentifier>{b33c4320-8655-4112-ac83-33cfa8f56fda}</UniqueIdentifier>
    </Filter>
    <Filter Include="Font">
      <UniqueIdentifier>{2b47bf7b-881f-402b-b8dc-647f0ba91a61}</UniqueIdentifier>
    </Filter>
    <Filter Include="HUD">
      <UniqueIdentifier>{86ba4431-2b23-4cf2-812f-b22c2362f022}</UniqueIdentifier>
    </Filter>
  </ItemGroup>
  <ItemGroup>
    <None Include="ThirdParty\DirectxTex\Inc\DirectXTex.inl">
      <Filter>ThirdParty\DirectxTex\Inc</Filter>
    </None>
  </ItemGroup>
  <ItemGroup>
    <CopyFileToFolders Include="ThirdParty\FW1FontWrapper\Debug\FW1FontWrapper.lib">
      <Filter>ThirdParty\FW1FontWrapper\Debug</Filter>
    </CopyFileToFolders>
    <CopyFileToFolders Include="ThirdParty\DirectxTex\Debug\DirectXTex_Debug.lib">
      <Filter>ThirdParty\DirectxTex\Debug</Filter>
    </CopyFileToFolders>
    <CopyFileToFolders Include="ThirdParty\FW1FontWrapper\Debug\FW1FontWrapper.dll">
      <Filter>ThirdParty\FW1FontWrapper\Debug</Filter>
    </CopyFileToFolders>
    <CopyFileToFolders Include="ThirdParty\DirectxTex\Release\DirectXTex_Release.lib">
      <Filter>ThirdParty\DirectxTex\Release</Filter>
    </CopyFileToFolders>
    <CopyFileToFolders Include="ThirdParty\FW1FontWrapper\Release\FW1FontWrapper.dll">
      <Filter>ThirdParty\FW1FontWrapper\Release</Filter>
    </CopyFileToFolders>
    <CopyFileToFolders Include="ThirdParty\FW1FontWrapper\Release\FW1FontWrapper.lib">
      <Filter>ThirdParty\FW1FontWrapper\Release</Filter>
    </CopyFileToFolders>
  </ItemGroup>
</Project>